
Microsoft Visual Studio Solution File, Format Version 12.00
# Visual Studio 15
VisualStudioVersion = 15.0.27004.2008
MinimumVisualStudioVersion = 10.0.40219.1
Project("{FAE04EC0-301F-11D3-BF4B-00C04F79EFBC}") = "SimulateBankingCash Counter", "SimulateBankingCash Counter\SimulateBankingCash Counter.csproj", "{CD119115-3738-4501-BA66-4E64DB43D25D}"
EndProject
Global
	GlobalSection(SolutionConfigurationPlatforms) = preSolution
		Debug|Any CPU = Debug|Any CPU
		Release|Any CPU = Release|Any CPU
	EndGlobalSection
	GlobalSection(ProjectConfigurationPlatforms) = postSolution
		{CD119115-3738-4501-BA66-4E64DB43D25D}.Debug|Any CPU.ActiveCfg = Debug|Any CPU
		{CD119115-3738-4501-BA66-4E64DB43D25D}.Debug|Any CPU.Build.0 = Debug|Any CPU
		{CD119115-3738-4501-BA66-4E64DB43D25D}.Release|Any CPU.ActiveCfg = Release|Any CPU
		{CD119115-3738-4501-BA66-4E64DB43D25D}.Release|Any CPU.Build.0 = Release|Any CPU
	EndGlobalSection
	GlobalSection(SolutionProperties) = preSolution
		HideSolutionNode = FALSE
	EndGlobalSection
	GlobalSection(ExtensibilityGlobals) = postSolution
		SolutionGuid = {56089925-2298-4427-AC72-E735580E2BE4}
	EndGlobalSection
EndGlobal
